
Microsoft Visual Studio Solution File, Format Version 12.00
# Visual Studio 15
VisualStudioVersion = 15.0.28307.136
MinimumVisualStudioVersion = 10.0.40219.1
Project("{8BC9CEB8-8B4A-11D0-8D11-00A0C91BC942}") = "SG_Wavelet", "SG_Wavelet\SG_Wavelet.vcxproj", "{65935FEC-5E67-43D8-8B16-382FCFF2780B}"
EndProject
Project("{8BC9CEB8-8B4A-11D0-8D11-00A0C91BC942}") = "SG_eWave_v2", "SG_eWave_v2\SG_eWave_v2.vcxproj", "{6FB0DF05-58E5-4077-8015-8BC7A96772F1}"
EndProject
Project("{8BC9CEB8-8B4A-11D0-8D11-00A0C91BC942}") = "SG_eWave", "SG_eWave\SG_eWave.vcxproj", "{2DFED51C-61F2-416F-8D7A-5FDCAEFD7747}"
EndProject
Global
	GlobalSection(SolutionConfigurationPlatforms) = preSolution
		Debug|x64 = Debug|x64
		Debug|x86 = Debug|x86
		Release|x64 = Release|x64
		Release|x86 = Release|x86
	EndGlobalSection
	GlobalSection(ProjectConfigurationPlatforms) = postSolution
		{65935FEC-5E67-43D8-8B16-382FCFF2780B}.Debug|x64.ActiveCfg = Debug|x64
		{65935FEC-5E67-43D8-8B16-382FCFF2780B}.Debug|x64.Build.0 = Debug|x64
		{65935FEC-5E67-43D8-8B16-382FCFF2780B}.Debug|x86.ActiveCfg = Debug|Win32
		{65935FEC-5E67-43D8-8B16-382FCFF2780B}.Debug|x86.Build.0 = Debug|Win32
		{65935FEC-5E67-43D8-8B16-382FCFF2780B}.Release|x64.ActiveCfg = Release|x64
		{65935FEC-5E67-43D8-8B16-382FCFF2780B}.Release|x64.Build.0 = Release|x64
		{65935FEC-5E67-43D8-8B16-382FCFF2780B}.Release|x86.ActiveCfg = Release|Win32
		{65935FEC-5E67-43D8-8B16-382FCFF2780B}.Release|x86.Build.0 = Release|Win32
		{6FB0DF05-58E5-4077-8015-8BC7A96772F1}.Debug|x64.ActiveCfg = Debug|x64
		{6FB0DF05-58E5-4077-8015-8BC7A96772F1}.Debug|x64.Build.0 = Debug|x64
		{6FB0DF05-58E5-4077-8015-8BC7A96772F1}.Debug|x86.ActiveCfg = Debug|Win32
		{6FB0DF05-58E5-4077-8015-8BC7A96772F1}.Debug|x86.Build.0 = Debug|Win32
		{6FB0DF05-58E5-4077-8015-8BC7A96772F1}.Release|x64.ActiveCfg = Release|x64
		{6FB0DF05-58E5-4077-8015-8BC7A96772F1}.Release|x64.Build.0 = Release|x64
		{6FB0DF05-58E5-4077-8015-8BC7A96772F1}.Release|x86.ActiveCfg = Release|Win32
		{6FB0DF05-58E5-4077-8015-8BC7A96772F1}.Release|x86.Build.0 = Release|Win32
		{2DFED51C-61F2-416F-8D7A-5FDCAEFD7747}.Debug|x64.ActiveCfg = Debug|x64
		{2DFED51C-61F2-416F-8D7A-5FDCAEFD7747}.Debug|x64.Build.0 = Debug|x64
		{2DFED51C-61F2-416F-8D7A-5FDCAEFD7747}.Debug|x86.ActiveCfg = Debug|Win32
		{2DFED51C-61F2-416F-8D7A-5FDCAEFD7747}.Debug|x86.Build.0 = Debug|Win32
		{2DFED51C-61F2-416F-8D7A-5FDCAEFD7747}.Release|x64.ActiveCfg = Release|x64
		{2DFED51C-61F2-416F-8D7A-5FDCAEFD7747}.Release|x64.Build.0 = Release|x64
		{2DFED51C-61F2-416F-8D7A-5FDCAEFD7747}.Release|x86.ActiveCfg = Release|Win32
		{2DFED51C-61F2-416F-8D7A-5FDCAEFD7747}.Release|x86.Build.0 = Release|Win32
	EndGlobalSection
	GlobalSection(SolutionProperties) = preSolution
		HideSolutionNode = FALSE
	EndGlobalSection
	GlobalSection(ExtensibilityGlobals) = postSolution
		SolutionGuid = {21C394E1-8BC6-4E23-9BB4-F06101F70405}
	EndGlobalSection
EndGlobal
